
Microsoft Visual Studio Solution File, Format Version 12.00
# Visual Studio Version 17
VisualStudioVersion = 17.0.31903.59
MinimumVisualStudioVersion = 10.0.40219.1
Project("{2150E333-8FDC-42A3-9474-1A3956D46DE8}") = "src", "src", "{827E0CD3-B72D-47B6-A68D-7590B98EB39B}"
EndProject
Project("{FAE04EC0-301F-11D3-BF4B-00C04F79EFBC}") = "EchoBoard.Domain", "src\EchoBoard.Domain\EchoBoard.Domain.csproj", "{02DA3474-8E5B-49A4-9A10-9BDA0E2FA42D}"
EndProject
Project("{FAE04EC0-301F-11D3-BF4B-00C04F79EFBC}") = "EchoBoard.Application", "src\EchoBoard.Application\EchoBoard.Application.csproj", "{B7CC1C20-AFB3-4D41-8647-681D7E837429}"
EndProject
Project("{FAE04EC0-301F-11D3-BF4B-00C04F79EFBC}") = "EchoBoard.Audio", "src\EchoBoard.Audio\EchoBoard.Audio.csproj", "{BAD4904E-E3EC-4D23-9A44-DF845C0F5E3D}"
EndProject
Project("{FAE04EC0-301F-11D3-BF4B-00C04F79EFBC}") = "EchoBoard.Infrastructure", "src\EchoBoard.Infrastructure\EchoBoard.Infrastructure.csproj", "{3F512B8C-6333-4F69-ACF6-F42F67C560F6}"
EndProject
Project("{FAE04EC0-301F-11D3-BF4B-00C04F79EFBC}") = "EchoBoard.App", "src\EchoBoard.App\EchoBoard.App.csproj", "{A0B38120-E071-49F5-AB0A-94B6012FFB4F}"
EndProject
Project("{2150E333-8FDC-42A3-9474-1A3956D46DE8}") = "tests", "tests", "{0AB3BF05-4346-4AA6-1389-037BE0695223}"
EndProject
Project("{FAE04EC0-301F-11D3-BF4B-00C04F79EFBC}") = "EchoBoard.Domain.Tests", "tests\EchoBoard.Domain.Tests\EchoBoard.Domain.Tests.csproj", "{4AB639E5-0A8D-4284-AF98-F557952270B5}"
EndProject
Project("{FAE04EC0-301F-11D3-BF4B-00C04F79EFBC}") = "EchoBoard.Application.Tests", "tests\EchoBoard.Application.Tests\EchoBoard.Application.Tests.csproj", "{486906B0-641A-45DD-B1EE-AC0CEEB29323}"
EndProject
Project("{FAE04EC0-301F-11D3-BF4B-00C04F79EFBC}") = "EchoBoard.Audio.Tests", "tests\EchoBoard.Audio.Tests\EchoBoard.Audio.Tests.csproj", "{A3FDFCB5-5BF9-4653-AE38-06A73C941AE4}"
EndProject
Project("{FAE04EC0-301F-11D3-BF4B-00C04F79EFBC}") = "EchoBoard.Infrastructure.Tests", "tests\EchoBoard.Infrastructure.Tests\EchoBoard.Infrastructure.Tests.csproj", "{F526874A-1E8F-4BAD-A55A-EE9364088E5D}"
EndProject
Project("{FAE04EC0-301F-11D3-BF4B-00C04F79EFBC}") = "EchoBoard.App.Tests", "tests\EchoBoard.App.Tests\EchoBoard.App.Tests.csproj", "{ADD75745-20E7-4B36-985E-C989F7CCEF74}"
EndProject
Global
	GlobalSection(SolutionConfigurationPlatforms) = preSolution
		Debug|Any CPU = Debug|Any CPU
		Debug|x64 = Debug|x64
		Debug|x86 = Debug|x86
		Release|Any CPU = Release|Any CPU
		Release|x64 = Release|x64
		Release|x86 = Release|x86
	EndGlobalSection
	GlobalSection(ProjectConfigurationPlatforms) = postSolution
		{02DA3474-8E5B-49A4-9A10-9BDA0E2FA42D}.Debug|Any CPU.ActiveCfg = Debug|x64
		{02DA3474-8E5B-49A4-9A10-9BDA0E2FA42D}.Debug|Any CPU.Build.0 = Debug|x64
		{02DA3474-8E5B-49A4-9A10-9BDA0E2FA42D}.Debug|x64.ActiveCfg = Debug|x64
		{02DA3474-8E5B-49A4-9A10-9BDA0E2FA42D}.Debug|x64.Build.0 = Debug|x64
		{02DA3474-8E5B-49A4-9A10-9BDA0E2FA42D}.Debug|x86.ActiveCfg = Debug|x64
		{02DA3474-8E5B-49A4-9A10-9BDA0E2FA42D}.Debug|x86.Build.0 = Debug|x64
		{02DA3474-8E5B-49A4-9A10-9BDA0E2FA42D}.Release|Any CPU.ActiveCfg = Release|x64
		{02DA3474-8E5B-49A4-9A10-9BDA0E2FA42D}.Release|Any CPU.Build.0 = Release|x64
		{02DA3474-8E5B-49A4-9A10-9BDA0E2FA42D}.Release|x64.ActiveCfg = Release|x64
		{02DA3474-8E5B-49A4-9A10-9BDA0E2FA42D}.Release|x64.Build.0 = Release|x64
		{02DA3474-8E5B-49A4-9A10-9BDA0E2FA42D}.Release|x86.ActiveCfg = Release|x64
		{02DA3474-8E5B-49A4-9A10-9BDA0E2FA42D}.Release|x86.Build.0 = Release|x64
		{B7CC1C20-AFB3-4D41-8647-681D7E837429}.Debug|Any CPU.ActiveCfg = Debug|x64
		{B7CC1C20-AFB3-4D41-8647-681D7E837429}.Debug|Any CPU.Build.0 = Debug|x64
		{B7CC1C20-AFB3-4D41-8647-681D7E837429}.Debug|x64.ActiveCfg = Debug|x64
		{B7CC1C20-AFB3-4D41-8647-681D7E837429}.Debug|x64.Build.0 = Debug|x64
		{B7CC1C20-AFB3-4D41-8647-681D7E837429}.Debug|x86.ActiveCfg = Debug|x64
		{B7CC1C20-AFB3-4D41-8647-681D7E837429}.Debug|x86.Build.0 = Debug|x64
		{B7CC1C20-AFB3-4D41-8647-681D7E837429}.Release|Any CPU.ActiveCfg = Release|x64
		{B7CC1C20-AFB3-4D41-8647-681D7E837429}.Release|Any CPU.Build.0 = Release|x64
		{B7CC1C20-AFB3-4D41-8647-681D7E837429}.Release|x64.ActiveCfg = Release|x64
		{B7CC1C20-AFB3-4D41-8647-681D7E837429}.Release|x64.Build.0 = Release|x64
		{B7CC1C20-AFB3-4D41-8647-681D7E837429}.Release|x86.ActiveCfg = Release|x64
		{B7CC1C20-AFB3-4D41-8647-681D7E837429}.Release|x86.Build.0 = Release|x64
		{BAD4904E-E3EC-4D23-9A44-DF845C0F5E3D}.Debug|Any CPU.ActiveCfg = Debug|x64
		{BAD4904E-E3EC-4D23-9A44-DF845C0F5E3D}.Debug|Any CPU.Build.0 = Debug|x64
		{BAD4904E-E3EC-4D23-9A44-DF845C0F5E3D}.Debug|x64.ActiveCfg = Debug|x64
		{BAD4904E-E3EC-4D23-9A44-DF845C0F5E3D}.Debug|x64.Build.0 = Debug|x64
		{BAD4904E-E3EC-4D23-9A44-DF845C0F5E3D}.Debug|x86.ActiveCfg = Debug|x64
		{BAD4904E-E3EC-4D23-9A44-DF845C0F5E3D}.Debug|x86.Build.0 = Debug|x64
		{BAD4904E-E3EC-4D23-9A44-DF845C0F5E3D}.Release|Any CPU.ActiveCfg = Release|x64
		{BAD4904E-E3EC-4D23-9A44-DF845C0F5E3D}.Release|Any CPU.Build.0 = Release|x64
		{BAD4904E-E3EC-4D23-9A44-DF845C0F5E3D}.Release|x64.ActiveCfg = Release|x64
		{BAD4904E-E3EC-4D23-9A44-DF845C0F5E3D}.Release|x64.Build.0 = Release|x64
		{BAD4904E-E3EC-4D23-9A44-DF845C0F5E3D}.Release|x86.ActiveCfg = Release|x64
		{BAD4904E-E3EC-4D23-9A44-DF845C0F5E3D}.Release|x86.Build.0 = Release|x64
		{3F512B8C-6333-4F69-ACF6-F42F67C560F6}.Debug|Any CPU.ActiveCfg = Debug|x64
		{3F512B8C-6333-4F69-ACF6-F42F67C560F6}.Debug|Any CPU.Build.0 = Debug|x64
		{3F512B8C-6333-4F69-ACF6-F42F67C560F6}.Debug|x64.ActiveCfg = Debug|x64
		{3F512B8C-6333-4F69-ACF6-F42F67C560F6}.Debug|x64.Build.0 = Debug|x64
		{3F512B8C-6333-4F69-ACF6-F42F67C560F6}.Debug|x86.ActiveCfg = Debug|x64
		{3F512B8C-6333-4F69-ACF6-F42F67C560F6}.Debug|x86.Build.0 = Debug|x64
		{3F512B8C-6333-4F69-ACF6-F42F67C560F6}.Release|Any CPU.ActiveCfg = Release|x64
		{3F512B8C-6333-4F69-ACF6-F42F67C560F6}.Release|Any CPU.Build.0 = Release|x64
		{3F512B8C-6333-4F69-ACF6-F42F67C560F6}.Release|x64.ActiveCfg = Release|x64
		{3F512B8C-6333-4F69-ACF6-F42F67C560F6}.Release|x64.Build.0 = Release|x64
		{3F512B8C-6333-4F69-ACF6-F42F67C560F6}.Release|x86.ActiveCfg = Release|x64
		{3F512B8C-6333-4F69-ACF6-F42F67C560F6}.Release|x86.Build.0 = Release|x64
		{A0B38120-E071-49F5-AB0A-94B6012FFB4F}.Debug|Any CPU.ActiveCfg = Debug|x64
		{A0B38120-E071-49F5-AB0A-94B6012FFB4F}.Debug|Any CPU.Build.0 = Debug|x64
		{A0B38120-E071-49F5-AB0A-94B6012FFB4F}.Debug|x64.ActiveCfg = Debug|x64
		{A0B38120-E071-49F5-AB0A-94B6012FFB4F}.Debug|x64.Build.0 = Debug|x64
		{A0B38120-E071-49F5-AB0A-94B6012FFB4F}.Debug|x86.ActiveCfg = Debug|x64
		{A0B38120-E071-49F5-AB0A-94B6012FFB4F}.Debug|x86.Build.0 = Debug|x64
		{A0B38120-E071-49F5-AB0A-94B6012FFB4F}.Release|Any CPU.ActiveCfg = Release|x64
		{A0B38120-E071-49F5-AB0A-94B6012FFB4F}.Release|Any CPU.Build.0 = Release|x64
		{A0B38120-E071-49F5-AB0A-94B6012FFB4F}.Release|x64.ActiveCfg = Release|x64
		{A0B38120-E071-49F5-AB0A-94B6012FFB4F}.Release|x64.Build.0 = Release|x64
		{A0B38120-E071-49F5-AB0A-94B6012FFB4F}.Release|x86.ActiveCfg = Release|x64
		{A0B38120-E071-49F5-AB0A-94B6012FFB4F}.Release|x86.Build.0 = Release|x64
		{4AB639E5-0A8D-4284-AF98-F557952270B5}.Debug|Any CPU.ActiveCfg = Debug|x64
		{4AB639E5-0A8D-4284-AF98-F557952270B5}.Debug|Any CPU.Build.0 = Debug|x64
		{4AB639E5-0A8D-4284-AF98-F557952270B5}.Debug|x64.ActiveCfg = Debug|x64
		{4AB639E5-0A8D-4284-AF98-F557952270B5}.Debug|x64.Build.0 = Debug|x64
		{4AB639E5-0A8D-4284-AF98-F557952270B5}.Debug|x86.ActiveCfg = Debug|x64
		{4AB639E5-0A8D-4284-AF98-F557952270B5}.Debug|x86.Build.0 = Debug|x64
		{4AB639E5-0A8D-4284-AF98-F557952270B5}.Release|Any CPU.ActiveCfg = Release|x64
		{4AB639E5-0A8D-4284-AF98-F557952270B5}.Release|Any CPU.Build.0 = Release|x64
		{4AB639E5-0A8D-4284-AF98-F557952270B5}.Release|x64.ActiveCfg = Release|x64
		{4AB639E5-0A8D-4284-AF98-F557952270B5}.Release|x64.Build.0 = Release|x64
		{4AB639E5-0A8D-4284-AF98-F557952270B5}.Release|x86.ActiveCfg = Release|x64
		{4AB639E5-0A8D-4284-AF98-F557952270B5}.Release|x86.Build.0 = Release|x64
		{486906B0-641A-45DD-B1EE-AC0CEEB29323}.Debug|Any CPU.ActiveCfg = Debug|x64
		{486906B0-641A-45DD-B1EE-AC0CEEB29323}.Debug|Any CPU.Build.0 = Debug|x64
		{486906B0-641A-45DD-B1EE-AC0CEEB29323}.Debug|x64.ActiveCfg = Debug|x64
		{486906B0-641A-45DD-B1EE-AC0CEEB29323}.Debug|x64.Build.0 = Debug|x64
		{486906B0-641A-45DD-B1EE-AC0CEEB29323}.Debug|x86.ActiveCfg = Debug|x64
		{486906B0-641A-45DD-B1EE-AC0CEEB29323}.Debug|x86.Build.0 = Debug|x64
		{486906B0-641A-45DD-B1EE-AC0CEEB29323}.Release|Any CPU.ActiveCfg = Release|x64
		{486906B0-641A-45DD-B1EE-AC0CEEB29323}.Release|Any CPU.Build.0 = Release|x64
		{486906B0-641A-45DD-B1EE-AC0CEEB29323}.Release|x64.ActiveCfg = Release|x64
		{486906B0-641A-45DD-B1EE-AC0CEEB29323}.Release|x64.Build.0 = Release|x64
		{486906B0-641A-45DD-B1EE-AC0CEEB29323}.Release|x86.ActiveCfg = Release|x64
		{486906B0-641A-45DD-B1EE-AC0CEEB29323}.Release|x86.Build.0 = Release|x64
		{A3FDFCB5-5BF9-4653-AE38-06A73C941AE4}.Debug|Any CPU.ActiveCfg = Debug|x64
		{A3FDFCB5-5BF9-4653-AE38-06A73C941AE4}.Debug|Any CPU.Build.0 = Debug|x64
		{A3FDFCB5-5BF9-4653-AE38-06A73C941AE4}.Debug|x64.ActiveCfg = Debug|x64
		{A3FDFCB5-5BF9-4653-AE38-06A73C941AE4}.Debug|x64.Build.0 = Debug|x64
		{A3FDFCB5-5BF9-4653-AE38-06A73C941AE4}.Debug|x86.ActiveCfg = Debug|x64
		{A3FDFCB5-5BF9-4653-AE38-06A73C941AE4}.Debug|x86.Build.0 = Debug|x64
		{A3FDFCB5-5BF9-4653-AE38-06A73C941AE4}.Release|Any CPU.ActiveCfg = Release|x64
		{A3FDFCB5-5BF9-4653-AE38-06A73C941AE4}.Release|Any CPU.Build.0 = Release|x64
		{A3FDFCB5-5BF9-4653-AE38-06A73C941AE4}.Release|x64.ActiveCfg = Release|x64
		{A3FDFCB5-5BF9-4653-AE38-06A73C941AE4}.Release|x64.Build.0 = Release|x64
		{A3FDFCB5-5BF9-4653-AE38-06A73C941AE4}.Release|x86.ActiveCfg = Release|x64
		{A3FDFCB5-5BF9-4653-AE38-06A73C941AE4}.Release|x86.Build.0 = Release|x64
		{F526874A-1E8F-4BAD-A55A-EE9364088E5D}.Debug|Any CPU.ActiveCfg = Debug|x64
		{F526874A-1E8F-4BAD-A55A-EE9364088E5D}.Debug|Any CPU.Build.0 = Debug|x64
		{F526874A-1E8F-4BAD-A55A-EE9364088E5D}.Debug|x64.ActiveCfg = Debug|x64
		{F526874A-1E8F-4BAD-A55A-EE9364088E5D}.Debug|x64.Build.0 = Debug|x64
		{F526874A-1E8F-4BAD-A55A-EE9364088E5D}.Debug|x86.ActiveCfg = Debug|x64
		{F526874A-1E8F-4BAD-A55A-EE9364088E5D}.Debug|x86.Build.0 = Debug|x64
		{F526874A-1E8F-4BAD-A55A-EE9364088E5D}.Release|Any CPU.ActiveCfg = Release|x64
		{F526874A-1E8F-4BAD-A55A-EE9364088E5D}.Release|Any CPU.Build.0 = Release|x64
		{F526874A-1E8F-4BAD-A55A-EE9364088E5D}.Release|x64.ActiveCfg = Release|x64
		{F526874A-1E8F-4BAD-A55A-EE9364088E5D}.Release|x64.Build.0 = Release|x64
		{F526874A-1E8F-4BAD-A55A-EE9364088E5D}.Release|x86.ActiveCfg = Release|x64
		{F526874A-1E8F-4BAD-A55A-EE9364088E5D}.Release|x86.Build.0 = Release|x64
		{ADD75745-20E7-4B36-985E-C989F7CCEF74}.Debug|Any CPU.ActiveCfg = Debug|x64
		{ADD75745-20E7-4B36-985E-C989F7CCEF74}.Debug|Any CPU.Build.0 = Debug|x64
		{ADD75745-20E7-4B36-985E-C989F7CCEF74}.Debug|x64.ActiveCfg = Debug|x64
		{ADD75745-20E7-4B36-985E-C989F7CCEF74}.Debug|x64.Build.0 = Debug|x64
		{ADD75745-20E7-4B36-985E-C989F7CCEF74}.Debug|x86.ActiveCfg = Debug|x64
		{ADD75745-20E7-4B36-985E-C989F7CCEF74}.Debug|x86.Build.0 = Debug|x64
		{ADD75745-20E7-4B36-985E-C989F7CCEF74}.Release|Any CPU.ActiveCfg = Release|x64
		{ADD75745-20E7-4B36-985E-C989F7CCEF74}.Release|Any CPU.Build.0 = Release|x64
		{ADD75745-20E7-4B36-985E-C989F7CCEF74}.Release|x64.ActiveCfg = Release|x64
		{ADD75745-20E7-4B36-985E-C989F7CCEF74}.Release|x64.Build.0 = Release|x64
		{ADD75745-20E7-4B36-985E-C989F7CCEF74}.Release|x86.ActiveCfg = Release|x64
		{ADD75745-20E7-4B36-985E-C989F7CCEF74}.Release|x86.Build.0 = Release|x64
	EndGlobalSection
	GlobalSection(SolutionProperties) = preSolution
		HideSolutionNode = FALSE
	EndGlobalSection
	GlobalSection(NestedProjects) = preSolution
		{02DA3474-8E5B-49A4-9A10-9BDA0E2FA42D} = {827E0CD3-B72D-47B6-A68D-7590B98EB39B}
		{B7CC1C20-AFB3-4D41-8647-681D7E837429} = {827E0CD3-B72D-47B6-A68D-7590B98EB39B}
		{BAD4904E-E3EC-4D23-9A44-DF845C0F5E3D} = {827E0CD3-B72D-47B6-A68D-7590B98EB39B}
		{3F512B8C-6333-4F69-ACF6-F42F67C560F6} = {827E0CD3-B72D-47B6-A68D-7590B98EB39B}
		{A0B38120-E071-49F5-AB0A-94B6012FFB4F} = {827E0CD3-B72D-47B6-A68D-7590B98EB39B}
		{4AB639E5-0A8D-4284-AF98-F557952270B5} = {0AB3BF05-4346-4AA6-1389-037BE0695223}
		{486906B0-641A-45DD-B1EE-AC0CEEB29323} = {0AB3BF05-4346-4AA6-1389-037BE0695223}
		{A3FDFCB5-5BF9-4653-AE38-06A73C941AE4} = {0AB3BF05-4346-4AA6-1389-037BE0695223}
		{F526874A-1E8F-4BAD-A55A-EE9364088E5D} = {0AB3BF05-4346-4AA6-1389-037BE0695223}
		{ADD75745-20E7-4B36-985E-C989F7CCEF74} = {0AB3BF05-4346-4AA6-1389-037BE0695223}
	EndGlobalSection
EndGlobal
